
Microsoft Visual Studio Solution File, Format Version 12.00
# Visual Studio Version 16
VisualStudioVersion = 16.0.30128.74
MinimumVisualStudioVersion = 10.0.40219.1
Project("{9A19103F-16F7-4668-BE54-9A1E7A4F7556}") = "NetCoreApi", "NetCoreApi\NetCoreApi.csproj", "{78C2A86A-F512-437D-8DC6-00E69E34BA65}"
EndProject
Project("{2150E333-8FDC-42A3-9474-1A3956D46DE8}") = "Dapper", "Dapper", "{6B922250-20F9-4B24-A3FA-9B479390B999}"
EndProject
Project("{9A19103F-16F7-4668-BE54-9A1E7A4F7556}") = "DapperManager", "DapperManager\DapperManager.csproj", "{CEFAFEC3-879B-495D-A895-24D38988C605}"
EndProject
Project("{2150E333-8FDC-42A3-9474-1A3956D46DE8}") = "SqlSugar", "SqlSugar", "{084546CA-F45F-416B-A2BC-8E642099E000}"
EndProject
Project("{FAE04EC0-301F-11D3-BF4B-00C04F79EFBC}") = "Manager", "Manager\Manager.csproj", "{3FA81ED1-12EA-44E9-8407-176EAE8DBB99}"
EndProject
Global
	GlobalSection(SolutionConfigurationPlatforms) = preSolution
		Debug|Any CPU = Debug|Any CPU
		Release|Any CPU = Release|Any CPU
	EndGlobalSection
	GlobalSection(ProjectConfigurationPlatforms) = postSolution
		{78C2A86A-F512-437D-8DC6-00E69E34BA65}.Debug|Any CPU.ActiveCfg = Debug|Any CPU
		{78C2A86A-F512-437D-8DC6-00E69E34BA65}.Debug|Any CPU.Build.0 = Debug|Any CPU
		{78C2A86A-F512-437D-8DC6-00E69E34BA65}.Release|Any CPU.ActiveCfg = Release|Any CPU
		{78C2A86A-F512-437D-8DC6-00E69E34BA65}.Release|Any CPU.Build.0 = Release|Any CPU
		{CEFAFEC3-879B-495D-A895-24D38988C605}.Debug|Any CPU.ActiveCfg = Debug|Any CPU
		{CEFAFEC3-879B-495D-A895-24D38988C605}.Debug|Any CPU.Build.0 = Debug|Any CPU
		{CEFAFEC3-879B-495D-A895-24D38988C605}.Release|Any CPU.ActiveCfg = Release|Any CPU
		{CEFAFEC3-879B-495D-A895-24D38988C605}.Release|Any CPU.Build.0 = Release|Any CPU
		{3FA81ED1-12EA-44E9-8407-176EAE8DBB99}.Debug|Any CPU.ActiveCfg = Debug|Any CPU
		{3FA81ED1-12EA-44E9-8407-176EAE8DBB99}.Debug|Any CPU.Build.0 = Debug|Any CPU
		{3FA81ED1-12EA-44E9-8407-176EAE8DBB99}.Release|Any CPU.ActiveCfg = Release|Any CPU
		{3FA81ED1-12EA-44E9-8407-176EAE8DBB99}.Release|Any CPU.Build.0 = Release|Any CPU
	EndGlobalSection
	GlobalSection(SolutionProperties) = preSolution
		HideSolutionNode = FALSE
	EndGlobalSection
	GlobalSection(NestedProjects) = preSolution
		{CEFAFEC3-879B-495D-A895-24D38988C605} = {6B922250-20F9-4B24-A3FA-9B479390B999}
		{3FA81ED1-12EA-44E9-8407-176EAE8DBB99} = {084546CA-F45F-416B-A2BC-8E642099E000}
	EndGlobalSection
	GlobalSection(ExtensibilityGlobals) = postSolution
		SolutionGuid = {39520788-0EEC-4161-85D3-4D956DAFF9E9}
	EndGlobalSection
EndGlobal
